
Microsoft Visual Studio Solution File, Format Version 12.00
# Visual Studio Version 16
VisualStudioVersion = 16.0.30517.126
MinimumVisualStudioVersion = 10.0.40219.1
Project("{FAE04EC0-301F-11D3-BF4B-00C04F79EFBC}") = "MarcoPolygonIO", "MarcoPolygonIO\MarcoPolygonIO.csproj", "{A6DC9D89-3EFB-472A-B479-A5F078DABAC7}"
EndProject
Global
	GlobalSection(SolutionConfigurationPlatforms) = preSolution
		Debug|Any CPU = Debug|Any CPU
		Release|Any CPU = Release|Any CPU
	EndGlobalSection
	GlobalSection(ProjectConfigurationPlatforms) = postSolution
		{A6DC9D89-3EFB-472A-B479-A5F078DABAC7}.Debug|Any CPU.ActiveCfg = Debug|Any CPU
		{A6DC9D89-3EFB-472A-B479-A5F078DABAC7}.Debug|Any CPU.Build.0 = Debug|Any CPU
		{A6DC9D89-3EFB-472A-B479-A5F078DABAC7}.Release|Any CPU.ActiveCfg = Release|Any CPU
		{A6DC9D89-3EFB-472A-B479-A5F078DABAC7}.Release|Any CPU.Build.0 = Release|Any CPU
	EndGlobalSection
	GlobalSection(SolutionProperties) = preSolution
		HideSolutionNode = FALSE
	EndGlobalSection
	GlobalSection(ExtensibilityGlobals) = postSolution
		SolutionGuid = {61F0CF5C-A77B-4222-BDD2-596DDFC76A66}
	EndGlobalSection
EndGlobal
